
Microsoft Visual Studio Solution File, Format Version 12.00
# Visual Studio 14
VisualStudioVersion = 14.0.23107.0
MinimumVisualStudioVersion = 10.0.40219.1
Project("{FAE04EC0-301F-11D3-BF4B-00C04F79EFBC}") = "VkDialogConverter", "VkDialogConverter\VkDialogConverter.csproj", "{04DC4C91-A0B7-49ED-BA91-87CD64F63B85}"
EndProject
Project("{FAE04EC0-301F-11D3-BF4B-00C04F79EFBC}") = "NeuralNetwork", "NeuralNetwork\NeuralNetwork.csproj", "{87C5F677-B8A1-4425-859D-7DB81593A119}"
EndProject
Project("{2150E333-8FDC-42A3-9474-1A3956D46DE8}") = "Word2Vec", "Word2Vec", "{3984D46F-DED7-454D-82BA-D04FC426F53C}"
EndProject
Project("{FAE04EC0-301F-11D3-BF4B-00C04F79EFBC}") = "Word2Vec.Net", "Word2Vec.Net\Word2Vec.Net.csproj", "{FEFCA2DC-137B-4EEE-A779-0194BDFEBE1F}"
EndProject
Project("{FAE04EC0-301F-11D3-BF4B-00C04F79EFBC}") = "Word2VecTest", "Word2VecTest\Word2VecTest.csproj", "{915C82FE-F0DC-4547-90AC-F9FF06690AB2}"
EndProject
Project("{FAE04EC0-301F-11D3-BF4B-00C04F79EFBC}") = "Work2VecConsoleApp", "Work2VecConsoleApp\Work2VecConsoleApp.csproj", "{7724C534-6B39-4DA6-92CD-DA2155EE944C}"
EndProject
Global
	GlobalSection(SolutionConfigurationPlatforms) = preSolution
		Debug|Any CPU = Debug|Any CPU
		Release|Any CPU = Release|Any CPU
	EndGlobalSection
	GlobalSection(ProjectConfigurationPlatforms) = postSolution
		{04DC4C91-A0B7-49ED-BA91-87CD64F63B85}.Debug|Any CPU.ActiveCfg = Debug|Any CPU
		{04DC4C91-A0B7-49ED-BA91-87CD64F63B85}.Debug|Any CPU.Build.0 = Debug|Any CPU
		{04DC4C91-A0B7-49ED-BA91-87CD64F63B85}.Release|Any CPU.ActiveCfg = Release|Any CPU
		{04DC4C91-A0B7-49ED-BA91-87CD64F63B85}.Release|Any CPU.Build.0 = Release|Any CPU
		{87C5F677-B8A1-4425-859D-7DB81593A119}.Debug|Any CPU.ActiveCfg = Debug|Any CPU
		{87C5F677-B8A1-4425-859D-7DB81593A119}.Debug|Any CPU.Build.0 = Debug|Any CPU
		{87C5F677-B8A1-4425-859D-7DB81593A119}.Release|Any CPU.ActiveCfg = Release|Any CPU
		{87C5F677-B8A1-4425-859D-7DB81593A119}.Release|Any CPU.Build.0 = Release|Any CPU
		{FEFCA2DC-137B-4EEE-A779-0194BDFEBE1F}.Debug|Any CPU.ActiveCfg = Debug|Any CPU
		{FEFCA2DC-137B-4EEE-A779-0194BDFEBE1F}.Debug|Any CPU.Build.0 = Debug|Any CPU
		{FEFCA2DC-137B-4EEE-A779-0194BDFEBE1F}.Release|Any CPU.ActiveCfg = Release|Any CPU
		{FEFCA2DC-137B-4EEE-A779-0194BDFEBE1F}.Release|Any CPU.Build.0 = Release|Any CPU
		{915C82FE-F0DC-4547-90AC-F9FF06690AB2}.Debug|Any CPU.ActiveCfg = Debug|Any CPU
		{915C82FE-F0DC-4547-90AC-F9FF06690AB2}.Debug|Any CPU.Build.0 = Debug|Any CPU
		{915C82FE-F0DC-4547-90AC-F9FF06690AB2}.Release|Any CPU.ActiveCfg = Release|Any CPU
		{915C82FE-F0DC-4547-90AC-F9FF06690AB2}.Release|Any CPU.Build.0 = Release|Any CPU
		{7724C534-6B39-4DA6-92CD-DA2155EE944C}.Debug|Any CPU.ActiveCfg = Debug|Any CPU
		{7724C534-6B39-4DA6-92CD-DA2155EE944C}.Debug|Any CPU.Build.0 = Debug|Any CPU
		{7724C534-6B39-4DA6-92CD-DA2155EE944C}.Release|Any CPU.ActiveCfg = Release|Any CPU
		{7724C534-6B39-4DA6-92CD-DA2155EE944C}.Release|Any CPU.Build.0 = Release|Any CPU
	EndGlobalSection
	GlobalSection(SolutionProperties) = preSolution
		HideSolutionNode = FALSE
	EndGlobalSection
	GlobalSection(NestedProjects) = preSolution
		{FEFCA2DC-137B-4EEE-A779-0194BDFEBE1F} = {3984D46F-DED7-454D-82BA-D04FC426F53C}
		{915C82FE-F0DC-4547-90AC-F9FF06690AB2} = {3984D46F-DED7-454D-82BA-D04FC426F53C}
		{7724C534-6B39-4DA6-92CD-DA2155EE944C} = {3984D46F-DED7-454D-82BA-D04FC426F53C}
	EndGlobalSection
EndGlobal
